{
  "name": "grupparbete-fed24",
  "version": "1.0.0",
  "lockfileVersion": 3,
  "requires": true,
  "packages": {
    "": {
      "name": "grupparbete-fed24",
      "version": "1.0.0",
      "license": "ISC",
      "dependencies": {
        "surge": "^0.0.0"
      }
    },
    "node_modules/surge": {
      "version": "0.0.0",
      "resolved": "https://registry.npmjs.org/surge/-/surge-0.0.0.tgz",
      "integrity": "sha512-MQbUCL3IDEtQhK6MsedEwghPQh3nHTwWYWNqQx9r5bxTlpqWBPNnvVXlJRot6F4/glveAPK8Jpk+Uvneepro4Q=="
    }
  }
}
